
Microsoft Visual Studio Solution File, Format Version 12.00
# Visual Studio 15
VisualStudioVersion = 15.0.27004.2005
MinimumVisualStudioVersion = 10.0.40219.1
Project("{FAE04EC0-301F-11D3-BF4B-00C04F79EFBC}") = "Fishery.Core", "Fishery.Core\Fishery.Core.csproj", "{C9202F83-AAF5-4F72-A8B9-34FD0583DD85}"
EndProject
Project("{FAE04EC0-301F-11D3-BF4B-00C04F79EFBC}") = "Fishery.App.Service", "Fishery.App.Service\Fishery.App.Service.csproj", "{DA1E43ED-56E4-4A94-A0C5-A384192E7A23}"
EndProject
Project("{FAE04EC0-301F-11D3-BF4B-00C04F79EFBC}") = "Fishery.Tools.ExtensionPackager", "Fishery.Tools.ExtensionPackager\Fishery.Tools.ExtensionPackager.csproj", "{19ED75A5-7B63-4002-9C07-08B4A3FCA9C5}"
EndProject
Project("{FAE04EC0-301F-11D3-BF4B-00C04F79EFBC}") = "Fishery.CLI", "Fishery.CLI\Fishery.CLI.csproj", "{AF50C3D1-4442-4FB3-92BB-7B93AC5ECB5D}"
EndProject
Global
	GlobalSection(SolutionConfigurationPlatforms) = preSolution
		Debug|Any CPU = Debug|Any CPU
		Release|Any CPU = Release|Any CPU
	EndGlobalSection
	GlobalSection(ProjectConfigurationPlatforms) = postSolution
		{C9202F83-AAF5-4F72-A8B9-34FD0583DD85}.Debug|Any CPU.ActiveCfg = Debug|Any CPU
		{C9202F83-AAF5-4F72-A8B9-34FD0583DD85}.Debug|Any CPU.Build.0 = Debug|Any CPU
		{C9202F83-AAF5-4F72-A8B9-34FD0583DD85}.Release|Any CPU.ActiveCfg = Release|Any CPU
		{C9202F83-AAF5-4F72-A8B9-34FD0583DD85}.Release|Any CPU.Build.0 = Release|Any CPU
		{DA1E43ED-56E4-4A94-A0C5-A384192E7A23}.Debug|Any CPU.ActiveCfg = Debug|Any CPU
		{DA1E43ED-56E4-4A94-A0C5-A384192E7A23}.Debug|Any CPU.Build.0 = Debug|Any CPU
		{DA1E43ED-56E4-4A94-A0C5-A384192E7A23}.Release|Any CPU.ActiveCfg = Release|Any CPU
		{DA1E43ED-56E4-4A94-A0C5-A384192E7A23}.Release|Any CPU.Build.0 = Release|Any CPU
		{19ED75A5-7B63-4002-9C07-08B4A3FCA9C5}.Debug|Any CPU.ActiveCfg = Debug|Any CPU
		{19ED75A5-7B63-4002-9C07-08B4A3FCA9C5}.Debug|Any CPU.Build.0 = Debug|Any CPU
		{19ED75A5-7B63-4002-9C07-08B4A3FCA9C5}.Release|Any CPU.ActiveCfg = Release|Any CPU
		{19ED75A5-7B63-4002-9C07-08B4A3FCA9C5}.Release|Any CPU.Build.0 = Release|Any CPU
		{AF50C3D1-4442-4FB3-92BB-7B93AC5ECB5D}.Debug|Any CPU.ActiveCfg = Debug|Any CPU
		{AF50C3D1-4442-4FB3-92BB-7B93AC5ECB5D}.Debug|Any CPU.Build.0 = Debug|Any CPU
		{AF50C3D1-4442-4FB3-92BB-7B93AC5ECB5D}.Release|Any CPU.ActiveCfg = Release|Any CPU
		{AF50C3D1-4442-4FB3-92BB-7B93AC5ECB5D}.Release|Any CPU.Build.0 = Release|Any CPU
	EndGlobalSection
	GlobalSection(SolutionProperties) = preSolution
		HideSolutionNode = FALSE
	EndGlobalSection
	GlobalSection(ExtensibilityGlobals) = postSolution
		SolutionGuid = {C4AE6F44-F5E3-41FA-A92D-5F08426D4CB6}
	EndGlobalSection
EndGlobal
